// !$*UTF8*$!
{
	archiveVersion = 1;
	classes = {
	};
	objectVersion = 48;
	objects = {

/* Begin PBXBuildFile section */
		99D70DDD2E58C7E61FEC90CA /* libPods-ForeignCurrencyConversion.a in Frameworks */ = {isa = PBXBuildFile; fileRef = 3D080C4C1456F42344798602 /* libPods-ForeignCurrencyConversion.a */; };
		C418E53C214899FF00D47CC4 /* AppDelegate.m in Sources */ = {isa = PBXBuildFile; fileRef = C418E53B214899FF00D47CC4 /* AppDelegate.m */; };
		C418E53F214899FF00D47CC4 /* MainViewController.m in Sources */ = {isa = PBXBuildFile; fileRef = C418E53E214899FF00D47CC4 /* MainViewController.m */; };
		C418E542214899FF00D47CC4 /* Main.storyboard in Resources */ = {isa = PBXBuildFile; fileRef = C418E540214899FF00D47CC4 /* Main.storyboard */; };
		C418E544214899FF00D47CC4 /* Assets.xcassets in Resources */ = {isa = PBXBuildFile; fileRef = C418E543214899FF00D47CC4 /* Assets.xcassets */; };
		C418E547214899FF00D47CC4 /* LaunchScreen.storyboard in Resources */ = {isa = PBXBuildFile; fileRef = C418E545214899FF00D47CC4 /* LaunchScreen.storyboard */; };
		C418E54A214899FF00D47CC4 /* main.m in Sources */ = {isa = PBXBuildFile; fileRef = C418E549214899FF00D47CC4 /* main.m */; };
		C48671182148A3E70008DEDA /* APIConnectionService.m in Sources */ = {isa = PBXBuildFile; fileRef = C48671172148A3E70008DEDA /* APIConnectionService.m */; };
		C49F3E7421495B110033AEB9 /* RateConversionViewController.m in Sources */ = {isa = PBXBuildFile; fileRef = C49F3E7321495B110033AEB9 /* RateConversionViewController.m */; };
/* End PBXBuildFile section */

/* Begin PBXFileReference section */
		34917204AACD3E9833CAEAB3 /* Pods-ForeignCurrencyConversion.release.xcconfig */ = {isa = PBXFileReference; includeInIndex = 1; lastKnownFileType = text.xcconfig; name = "Pods-ForeignCurrencyConversion.release.xcconfig"; path = "Pods/Target Support Files/Pods-ForeignCurrencyConversion/Pods-ForeignCurrencyConversion.release.xcconfig"; sourceTree = "<group>"; };
		3D080C4C1456F42344798602 /* libPods-ForeignCurrencyConversion.a */ = {isa = PBXFileReference; explicitFileType = archive.ar; includeInIndex = 0; path = "libPods-ForeignCurrencyConversion.a"; sourceTree = BUILT_PRODUCTS_DIR; };
		C418E537214899FF00D47CC4 /* ForeignCurrencyConversion.app */ = {isa = PBXFileReference; explicitFileType = wrapper.application; includeInIndex = 0; path = ForeignCurrencyConversion.app; sourceTree = BUILT_PRODUCTS_DIR; };
		C418E53A214899FF00D47CC4 /* AppDelegate.h */ = {isa = PBXFileReference; lastKnownFileType = sourcecode.c.h; path = AppDelegate.h; sourceTree = "<group>"; };
		C418E53B214899FF00D47CC4 /* AppDelegate.m */ = {isa = PBXFileReference; lastKnownFileType = sourcecode.c.objc; path = AppDelegate.m; sourceTree = "<group>"; };
		C418E53D214899FF00D47CC4 /* MainViewController.h */ = {isa = PBXFileReference; lastKnownFileType = sourcecode.c.h; path = MainViewController.h; sourceTree = "<group>"; };
		C418E53E214899FF00D47CC4 /* MainViewController.m */ = {isa = PBXFileReference; lastKnownFileType = sourcecode.c.objc; path = MainViewController.m; sourceTree = "<group>"; };
		C418E541214899FF00D47CC4 /* Base */ = {isa = PBXFileReference; lastKnownFileType = file.storyboard; name = Base; path = Base.lproj/Main.storyboard; sourceTree = "<group>"; };
		C418E543214899FF00D47CC4 /* Assets.xcassets */ = {isa = PBXFileReference; lastKnownFileType = folder.assetcatalog; path = Assets.xcassets; sourceTree = "<group>"; };
		C418E546214899FF00D47CC4 /* Base */ = {isa = PBXFileReference; lastKnownFileType = file.storyboard; name = Base; path = Base.lproj/LaunchScreen.storyboard; sourceTree = "<group>"; };
		C418E548214899FF00D47CC4 /* Info.plist */ = {isa = PBXFileReference; lastKnownFileType = text.plist.xml; path = Info.plist; sourceTree = "<group>"; };
		C418E549214899FF00D47CC4 /* main.m */ = {isa = PBXFileReference; lastKnownFileType = sourcecode.c.objc; path = main.m; sourceTree = "<group>"; };
		C48671162148A3CF0008DEDA /* APIConnectionService.h */ = {isa = PBXFileReference; lastKnownFileType = sourcecode.c.h; path = APIConnectionService.h; sourceTree = "<group>"; };
		C48671172148A3E70008DEDA /* APIConnectionService.m */ = {isa = PBXFileReference; lastKnownFileType = sourcecode.c.objc; path = APIConnectionService.m; sourceTree = "<group>"; };
		C49F3E7221495AAF0033AEB9 /* RateConversionViewController.h */ = {isa = PBXFileReference; lastKnownFileType = sourcecode.c.h; path = RateConversionViewController.h; sourceTree = "<group>"; };
		C49F3E7321495B110033AEB9 /* RateConversionViewController.m */ = {isa = PBXFileReference; lastKnownFileType = sourcecode.c.objc; path = RateConversionViewController.m; sourceTree = "<group>"; };
		FFCAFBBCFF0EC05B59914DA3 /* Pods-ForeignCurrencyConversion.debug.xcconfig */ = {isa = PBXFileReference; includeInIndex = 1; lastKnownFileType = text.xcconfig; name = "Pods-ForeignCurrencyConversion.debug.xcconfig"; path = "Pods/Target Support Files/Pods-ForeignCurrencyConversion/Pods-ForeignCurrencyConversion.debug.xcconfig"; sourceTree = "<group>"; };
/* End PBXFileReference section */

/* Begin PBXFrameworksBuildPhase section */
		C418E534214899FF00D47CC4 /* Frameworks */ = {
			isa = PBXFrameworksBuildPhase;
			buildActionMask = 2147483647;
			files = (
				99D70DDD2E58C7E61FEC90CA /* libPods-ForeignCurrencyConversion.a in Frameworks */,
			);
			runOnlyForDeploymentPostprocessing = 0;
		};
/* End PBXFrameworksBuildPhase section */

/* Begin PBXGroup section */
		857C4E4E63B814893C8C8550 /* Frameworks */ = {
			isa = PBXGroup;
			children = (
				3D080C4C1456F42344798602 /* libPods-ForeignCurrencyConversion.a */,
			);
			name = Frameworks;
			sourceTree = "<group>";
		};
		BEEC2ED69814F9BF3FB5DA46 /* Pods */ = {
			isa = PBXGroup;
			children = (
				FFCAFBBCFF0EC05B59914DA3 /* Pods-ForeignCurrencyConversion.debug.xcconfig */,
				34917204AACD3E9833CAEAB3 /* Pods-ForeignCurrencyConversion.release.xcconfig */,
			);
			name = Pods;
			sourceTree = "<group>";
		};
		C418E52E214899FF00D47CC4 = {
			isa = PBXGroup;
			children = (
				C418E539214899FF00D47CC4 /* ForeignCurrencyConversion */,
				C418E538214899FF00D47CC4 /* Products */,
				BEEC2ED69814F9BF3FB5DA46 /* Pods */,
				857C4E4E63B814893C8C8550 /* Frameworks */,
			);
			sourceTree = "<group>";
		};
		C418E538214899FF00D47CC4 /* Products */ = {
			isa = PBXGroup;
			children = (
				C418E537214899FF00D47CC4 /* ForeignCurrencyConversion.app */,
			);
			name = Products;
			sourceTree = "<group>";
		};
		C418E539214899FF00D47CC4 /* ForeignCurrencyConversion */ = {
			isa = PBXGroup;
			children = (
				C418E53A214899FF00D47CC4 /* AppDelegate.h */,
				C418E53B214899FF00D47CC4 /* AppDelegate.m */,
				C418E53D214899FF00D47CC4 /* MainViewController.h */,
				C418E53E214899FF00D47CC4 /* MainViewController.m */,
				C49F3E7221495AAF0033AEB9 /* RateConversionViewController.h */,
				C49F3E7321495B110033AEB9 /* RateConversionViewController.m */,
				C48671152148A3600008DEDA /* ConnectionService */,
				C418E540214899FF00D47CC4 /* Main.storyboard */,
				C418E543214899FF00D47CC4 /* Assets.xcassets */,
				C418E545214899FF00D47CC4 /* LaunchScreen.storyboard */,
				C418E548214899FF00D47CC4 /* Info.plist */,
				C418E549214899FF00D47CC4 /* main.m */,
			);
			path = ForeignCurrencyConversion;
			sourceTree = "<group>";
		};
		C48671152148A3600008DEDA /* ConnectionService */ = {
			isa = PBXGroup;
			children = (
				C48671162148A3CF0008DEDA /* APIConnectionService.h */,
				C48671172148A3E70008DEDA /* APIConnectionService.m */,
			);
			path = ConnectionService;
			sourceTree = "<group>";
		};
/* End PBXGroup section */

/* Begin PBXNativeTarget section */
		C418E536214899FF00D47CC4 /* ForeignCurrencyConversion */ = {
			isa = PBXNativeTarget;
			buildConfigurationList = C418E54D214899FF00D47CC4 /* Build configuration list for PBXNativeTarget "ForeignCurrencyConversion" */;
			buildPhases = (
				D216534BB584C5FAD0F41532 /* [CP] Check Pods Manifest.lock */,
				C418E533214899FF00D47CC4 /* Sources */,
				C418E534214899FF00D47CC4 /* Frameworks */,
				C418E535214899FF00D47CC4 /* Resources */,
				A2AC6CC249FF6D5D7B5CCC6D /* [CP] Copy Pods Resources */,
			);
			buildRules = (
			);
			dependencies = (
			);
			name = ForeignCurrencyConversion;
			productName = ForeignCurrencyConversion;
			productReference = C418E537214899FF00D47CC4 /* ForeignCurrencyConversion.app */;
			productType = "com.apple.product-type.application";
		};
/* End PBXNativeTarget section */

/* Begin PBXProject section */
		C418E52F214899FF00D47CC4 /* Project object */ = {
			isa = PBXProject;
			attributes = {
				LastUpgradeCheck = 0900;
				ORGANIZATIONNAME = mmsc;
				TargetAttributes = {
					C418E536214899FF00D47CC4 = {
						CreatedOnToolsVersion = 9.0;
						ProvisioningStyle = Automatic;
					};
				};
			};
			buildConfigurationList = C418E532214899FF00D47CC4 /* Build configuration list for PBXProject "ForeignCurrencyConversion" */;
			compatibilityVersion = "Xcode 8.0";
			developmentRegion = en;
			hasScannedForEncodings = 0;
			knownRegions = (
				en,
				Base,
			);
			mainGroup = C418E52E214899FF00D47CC4;
			productRefGroup = C418E538214899FF00D47CC4 /* Products */;
			projectDirPath = "";
			projectRoot = "";
			targets = (
				C418E536214899FF00D47CC4 /* ForeignCurrencyConversion */,
			);
		};
/* End PBXProject section */

/* Begin PBXResourcesBuildPhase section */
		C418E535214899FF00D47CC4 /* Resources */ = {
			isa = PBXResourcesBuildPhase;
			buildActionMask = 2147483647;
			files = (
				C418E547214899FF00D47CC4 /* LaunchScreen.storyboard in Resources */,
				C418E544214899FF00D47CC4 /* Assets.xcassets in Resources */,
				C418E542214899FF00D47CC4 /* Main.storyboard in Resources */,
			);
			runOnlyForDeploymentPostprocessing = 0;
		};
/* End PBXResourcesBuildPhase section */

/* Begin PBXShellScriptBuildPhase section */
		A2AC6CC249FF6D5D7B5CCC6D /* [CP] Copy Pods Resources */ = {
			isa = PBXShellScriptBuildPhase;
			buildActionMask = 2147483647;
			files = (
			);
			inputPaths = (
				"${SRCROOT}/Pods/Target Support Files/Pods-ForeignCurrencyConversion/Pods-ForeignCurrencyConversion-resources.sh",
				"${PODS_ROOT}/MMNumberKeyboard/Images/MMNumberKeyboardDeleteKey.png",
				"${PODS_ROOT}/MMNumberKeyboard/Images/MMNumberKeyboardDeleteKey@2x.png",
				"${PODS_ROOT}/MMNumberKeyboard/Images/MMNumberKeyboardDeleteKey@3x.png",
				"${PODS_ROOT}/MMNumberKeyboard/Images/MMNumberKeyboardDismissKey.png",
				"${PODS_ROOT}/MMNumberKeyboard/Images/MMNumberKeyboardDismissKey@2x.png",
				"${PODS_ROOT}/MMNumberKeyboard/Images/MMNumberKeyboardDismissKey@3x.png",
				"${PODS_ROOT}/SVProgressHUD/SVProgressHUD/SVProgressHUD.bundle",
			);
			name = "[CP] Copy Pods Resources";
			outputPaths = (
				"${TARGET_BUILD_DIR}/${UNLOCALIZED_RESOURCES_FOLDER_PATH}/MMNumberKeyboardDeleteKey.png",
				"${TARGET_BUILD_DIR}/${UNLOCALIZED_RESOURCES_FOLDER_PATH}/MMNumberKeyboardDeleteKey@2x.png",
				"${TARGET_BUILD_DIR}/${UNLOCALIZED_RESOURCES_FOLDER_PATH}/MMNumberKeyboardDeleteKey@3x.png",
				"${TARGET_BUILD_DIR}/${UNLOCALIZED_RESOURCES_FOLDER_PATH}/MMNumberKeyboardDismissKey.png",
				"${TARGET_BUILD_DIR}/${UNLOCALIZED_RESOURCES_FOLDER_PATH}/MMNumberKeyboardDismissKey@2x.png",
				"${TARGET_BUILD_DIR}/${UNLOCALIZED_RESOURCES_FOLDER_PATH}/MMNumberKeyboardDismissKey@3x.png",
				"${TARGET_BUILD_DIR}/${UNLOCALIZED_RESOURCES_FOLDER_PATH}/SVProgressHUD.bundle",
			);
			runOnlyForDeploymentPostprocessing = 0;
			shellPath = /bin/sh;
			shellScript = "\"${SRCROOT}/Pods/Target Support Files/Pods-ForeignCurrencyConversion/Pods-ForeignCurrencyConversion-resources.sh\"\n";
			showEnvVarsInLog = 0;
		};
		D216534BB584C5FAD0F41532 /* [CP] Check Pods Manifest.lock */ = {
			isa = PBXShellScriptBuildPhase;
			buildActionMask = 2147483647;
			files = (
			);
			inputPaths = (
				"${PODS_PODFILE_DIR_PATH}/Podfile.lock",
				"${PODS_ROOT}/Manifest.lock",
			);
			name = "[CP] Check Pods Manifest.lock";
			outputPaths = (
				"$(DERIVED_FILE_DIR)/Pods-ForeignCurrencyConversion-checkManifestLockResult.txt",
			);
			runOnlyForDeploymentPostprocessing = 0;
			shellPath = /bin/sh;
			shellScript = "diff \"${PODS_PODFILE_DIR_PATH}/Podfile.lock\" \"${PODS_ROOT}/Manifest.lock\" > /dev/null\nif [ $? != 0 ] ; then\n    # print error to STDERR\n    echo \"error: The sandbox is not in sync with the Podfile.lock. Run 'pod install' or update your CocoaPods installation.\" >&2\n    exit 1\nfi\n# This output is used by Xcode 'outputs' to avoid re-running this script phase.\necho \"SUCCESS\" > \"${SCRIPT_OUTPUT_FILE_0}\"\n";
			showEnvVarsInLog = 0;
		};
/* End PBXShellScriptBuildPhase section */

/* Begin PBXSourcesBuildPhase section */
		C418E533214899FF00D47CC4 /* Sources */ = {
			isa = PBXSourcesBuildPhase;
			buildActionMask = 2147483647;
			files = (
				C48671182148A3E70008DEDA /* APIConnectionService.m in Sources */,
				C49F3E7421495B110033AEB9 /* RateConversionViewController.m in Sources */,
				C418E53F214899FF00D47CC4 /* MainViewController.m in Sources */,
				C418E54A214899FF00D47CC4 /* main.m in Sources */,
				C418E53C214899FF00D47CC4 /* AppDelegate.m in Sources */,
			);
			runOnlyForDeploymentPostprocessing = 0;
		};
/* End PBXSourcesBuildPhase section */

/* Begin PBXVariantGroup section */
		C418E540214899FF00D47CC4 /* Main.storyboard */ = {
			isa = PBXVariantGroup;
			children = (
				C418E541214899FF00D47CC4 /* Base */,
			);
			name = Main.storyboard;
			sourceTree = "<group>";
		};
		C418E545214899FF00D47CC4 /* LaunchScreen.storyboard */ = {
			isa = PBXVariantGroup;
			children = (
				C418E546214899FF00D47CC4 /* Base */,
			);
			name = LaunchScreen.storyboard;
			sourceTree = "<group>";
		};
/* End PBXVariantGroup section */

/* Begin XCBuildConfiguration section */
		C418E54B214899FF00D47CC4 /* Debug */ = {
			isa = XCBuildConfiguration;
			buildSettings = {
				ALWAYS_SEARCH_USER_PATHS = NO;
				CLANG_ANALYZER_NONNULL = YES;
				CLANG_ANALYZER_NUMBER_OBJECT_CONVERSION = YES_AGGRESSIVE;
				CLANG_CXX_LANGUAGE_STANDARD = "gnu++14";
				CLANG_CXX_LIBRARY = "libc++";
				CLANG_ENABLE_MODULES = YES;
				CLANG_ENABLE_OBJC_ARC = YES;
				CLANG_WARN_BLOCK_CAPTURE_AUTORELEASING = YES;
				CLANG_WARN_BOOL_CONVERSION = YES;
				CLANG_WARN_COMMA = YES;
				CLANG_WARN_CONSTANT_CONVERSION = YES;
				CLANG_WARN_DIRECT_OBJC_ISA_USAGE = YES_ERROR;
				CLANG_WARN_DOCUMENTATION_COMMENTS = YES;
				CLANG_WARN_EMPTY_BODY = YES;
				CLANG_WARN_ENUM_CONVERSION = YES;
				CLANG_WARN_INFINITE_RECURSION = YES;
				CLANG_WARN_INT_CONVERSION = YES;
				CLANG_WARN_NON_LITERAL_NULL_CONVERSION = YES;
				CLANG_WARN_OBJC_LITERAL_CONVERSION = YES;
				CLANG_WARN_OBJC_ROOT_CLASS = YES_ERROR;
				CLANG_WARN_RANGE_LOOP_ANALYSIS = YES;
				CLANG_WARN_STRICT_PROTOTYPES = YES;
				CLANG_WARN_SUSPICIOUS_MOVE = YES;
				CLANG_WARN_UNGUARDED_AVAILABILITY = YES_AGGRESSIVE;
				CLANG_WARN_UNREACHABLE_CODE = YES;
				CLANG_WARN__DUPLICATE_METHOD_MATCH = YES;
				CODE_SIGN_IDENTITY = "iPhone Developer";
				COPY_PHASE_STRIP = NO;
				DEBUG_INFORMATION_FORMAT = dwarf;
				ENABLE_STRICT_OBJC_MSGSEND = YES;
				ENABLE_TESTABILITY = YES;
				GCC_C_LANGUAGE_STANDARD = gnu11;
				GCC_DYNAMIC_NO_PIC = NO;
				GCC_NO_COMMON_BLOCKS = YES;
				GCC_OPTIMIZATION_LEVEL = 0;
				GCC_PREPROCESSOR_DEFINITIONS = (
					"DEBUG=1",
					"$(inherited)",
				);
				GCC_WARN_64_TO_32_BIT_CONVERSION = YES;
				GCC_WARN_ABOUT_RETURN_TYPE = YES_ERROR;
				GCC_WARN_UNDECLARED_SELECTOR = YES;
				GCC_WARN_UNINITIALIZED_AUTOS = YES_AGGRESSIVE;
				GCC_WARN_UNUSED_FUNCTION = YES;
				GCC_WARN_UNUSED_VARIABLE = YES;
				IPHONEOS_DEPLOYMENT_TARGET = 11.0;
				MTL_ENABLE_DEBUG_INFO = YES;
				ONLY_ACTIVE_ARCH = YES;
				SDKROOT = iphoneos;
			};
			name = Debug;
		};
		C418E54C214899FF00D47CC4 /* Release */ = {
			isa = XCBuildConfiguration;
			buildSettings = {
				ALWAYS_SEARCH_USER_PATHS = NO;
				CLANG_ANALYZER_NONNULL = YES;
				CLANG_ANALYZER_NUMBER_OBJECT_CONVERSION = YES_AGGRESSIVE;
				CLANG_CXX_LANGUAGE_STANDARD = "gnu++14";
				CLANG_CXX_LIBRARY = "libc++";
				CLANG_ENABLE_MODULES = YES;
				CLANG_ENABLE_OBJC_ARC = YES;
				CLANG_WARN_BLOCK_CAPTURE_AUTORELEASING = YES;
				CLANG_WARN_BOOL_CONVERSION = YES;
				CLANG_WARN_COMMA = YES;
				CLANG_WARN_CONSTANT_CONVERSION = YES;
				CLANG_WARN_DIRECT_OBJC_ISA_USAGE = YES_ERROR;
				CLANG_WARN_DOCUMENTATION_COMMENTS = YES;
				CLANG_WARN_EMPTY_BODY = YES;
				CLANG_WARN_ENUM_CONVERSION = YES;
				CLANG_WARN_INFINITE_RECURSION = YES;
				CLANG_WARN_INT_CONVERSION = YES;
				CLANG_WARN_NON_LITERAL_NULL_CONVERSION = YES;
				CLANG_WARN_OBJC_LITERAL_CONVERSION = YES;
				CLANG_WARN_OBJC_ROOT_CLASS = YES_ERROR;
				CLANG_WARN_RANGE_LOOP_ANALYSIS = YES;
				CLANG_WARN_STRICT_PROTOTYPES = YES;
				CLANG_WARN_SUSPICIOUS_MOVE = YES;
				CLANG_WARN_UNGUARDED_AVAILABILITY = YES_AGGRESSIVE;
				CLANG_WARN_UNREACHABLE_CODE = YES;
				CLANG_WARN__DUPLICATE_METHOD_MATCH = YES;
				CODE_SIGN_IDENTITY = "iPhone Developer";
				COPY_PHASE_STRIP = NO;
				DEBUG_INFORMATION_FORMAT = "dwarf-with-dsym";
				ENABLE_NS_ASSERTIONS = NO;
				ENABLE_STRICT_OBJC_MSGSEND = YES;
				GCC_C_LANGUAGE_STANDARD = gnu11;
				GCC_NO_COMMON_BLOCKS = YES;
				GCC_WARN_64_TO_32_BIT_CONVERSION = YES;
				GCC_WARN_ABOUT_RETURN_TYPE = YES_ERROR;
				GCC_WARN_UNDECLARED_SELECTOR = YES;
				GCC_WARN_UNINITIALIZED_AUTOS = YES_AGGRESSIVE;
				GCC_WARN_UNUSED_FUNCTION = YES;
				GCC_WARN_UNUSED_VARIABLE = YES;
				IPHONEOS_DEPLOYMENT_TARGET = 11.0;
				MTL_ENABLE_DEBUG_INFO = NO;
				SDKROOT = iphoneos;
				VALIDATE_PRODUCT = YES;
			};
			name = Release;
		};
		C418E54E214899FF00D47CC4 /* Debug */ = {
			isa = XCBuildConfiguration;
			baseConfigurationReference = FFCAFBBCFF0EC05B59914DA3 /* Pods-ForeignCurrencyConversion.debug.xcconfig */;
			buildSettings = {
				ASSETCATALOG_COMPILER_APPICON_NAME = AppIcon;
				CODE_SIGN_STYLE = Automatic;
				INFOPLIST_FILE = ForeignCurrencyConversion/Info.plist;
				LD_RUNPATH_SEARCH_PATHS = "$(inherited) @executable_path/Frameworks";
				PRODUCT_BUNDLE_IDENTIFIER = mmsc.ForeignCurrencyConversion;
				PRODUCT_NAME = "$(TARGET_NAME)";
				TARGETED_DEVICE_FAMILY = "1,2";
			};
			name = Debug;
		};
		C418E54F214899FF00D47CC4 /* Release */ = {
			isa = XCBuildConfiguration;
			baseConfigurationReference = 34917204AACD3E9833CAEAB3 /* Pods-ForeignCurrencyConversion.release.xcconfig */;
			buildSettings = {
				ASSETCATALOG_COMPILER_APPICON_NAME = AppIcon;
				CODE_SIGN_STYLE = Automatic;
				INFOPLIST_FILE = ForeignCurrencyConversion/Info.plist;
				LD_RUNPATH_SEARCH_PATHS = "$(inherited) @executable_path/Frameworks";
				PRODUCT_BUNDLE_IDENTIFIER = mmsc.ForeignCurrencyConversion;
				PRODUCT_NAME = "$(TARGET_NAME)";
				TARGETED_DEVICE_FAMILY = "1,2";
			};
			name = Release;
		};
/* End XCBuildConfiguration section */

/* Begin XCConfigurationList section */
		C418E532214899FF00D47CC4 /* Build configuration list for PBXProject "ForeignCurrencyConversion" */ = {
			isa = XCConfigurationList;
			buildConfigurations = (
				C418E54B214899FF00D47CC4 /* Debug */,
				C418E54C214899FF00D47CC4 /* Release */,
			);
			defaultConfigurationIsVisible = 0;
			defaultConfigurationName = Release;
		};
		C418E54D214899FF00D47CC4 /* Build configuration list for PBXNativeTarget "ForeignCurrencyConversion" */ = {
			isa = XCConfigurationList;
			buildConfigurations = (
				C418E54E214899FF00D47CC4 /* Debug */,
				C418E54F214899FF00D47CC4 /* Release */,
			);
			defaultConfigurationIsVisible = 0;
			defaultConfigurationName = Release;
		};
/* End XCConfigurationList section */
	};
	rootObject = C418E52F214899FF00D47CC4 /* Project object */;
}
