PODS:
  - MMNumberKeyboard (0.2.1)
  - Realm (3.10.0):
    - Realm/Headers (= 3.10.0)
  - Realm/Headers (3.10.0)
  - SVProgressHUD (2.2.5)

DEPENDENCIES:
  - MMNumberKeyboard
  - Realm
  - SVProgressHUD

SPEC REPOS:
  https://github.com/cocoapods/specs.git:
    - MMNumberKeyboard
    - Realm
    - SVProgressHUD

SPEC CHECKSUMS:
  MMNumberKeyboard: d7bd1646f62e7e0300eafd3e938899526d8d1d38
  Realm: 85ab9e4f779d66f6e9ffeb118dc25b7f130c96ac
  SVProgressHUD: 1428aafac632c1f86f62aa4243ec12008d7a51d6

PODFILE CHECKSUM: 8fa0a1ec7714540cc7730eb7fab5c7e4cf2578ca

COCOAPODS: 1.5.3
